
Microsoft Visual Studio Solution File, Format Version 12.00
# Visual Studio Version 17
VisualStudioVersion = 17.0.32112.339
MinimumVisualStudioVersion = 10.0.40219.1
Project("{8BC9CEB8-8B4A-11D0-8D11-00A0C91BC942}") = "14-Polia3", "14-Polia3.vcxproj", "{2DFAB5F3-13C0-44E0-A162-58A1EE8E625C}"
EndProject
Global
	GlobalSection(SolutionConfigurationPlatforms) = preSolution
		Debug|x64 = Debug|x64
		Debug|x86 = Debug|x86
		Release|x64 = Release|x64
		Release|x86 = Release|x86
	EndGlobalSection
	GlobalSection(ProjectConfigurationPlatforms) = postSolution
		{2DFAB5F3-13C0-44E0-A162-58A1EE8E625C}.Debug|x64.ActiveCfg = Debug|x64
		{2DFAB5F3-13C0-44E0-A162-58A1EE8E625C}.Debug|x64.Build.0 = Debug|x64
		{2DFAB5F3-13C0-44E0-A162-58A1EE8E625C}.Debug|x86.ActiveCfg = Debug|Win32
		{2DFAB5F3-13C0-44E0-A162-58A1EE8E625C}.Debug|x86.Build.0 = Debug|Win32
		{2DFAB5F3-13C0-44E0-A162-58A1EE8E625C}.Release|x64.ActiveCfg = Release|x64
		{2DFAB5F3-13C0-44E0-A162-58A1EE8E625C}.Release|x64.Build.0 = Release|x64
		{2DFAB5F3-13C0-44E0-A162-58A1EE8E625C}.Release|x86.ActiveCfg = Release|Win32
		{2DFAB5F3-13C0-44E0-A162-58A1EE8E625C}.Release|x86.Build.0 = Release|Win32
	EndGlobalSection
	GlobalSection(SolutionProperties) = preSolution
		HideSolutionNode = FALSE
	EndGlobalSection
	GlobalSection(ExtensibilityGlobals) = postSolution
		SolutionGuid = {4682D5A9-F850-4822-BBEE-53883D67B2C2}
	EndGlobalSection
EndGlobal
